
Microsoft Visual Studio Solution File, Format Version 12.00
# Visual Studio Version 17
VisualStudioVersion = 17.7.34221.43
MinimumVisualStudioVersion = 10.0.40219.1
Project("{E24C65DC-7377-472B-9ABA-BC803B73C61A}") = "Operaciones", "Operaciones\", "{EDC842E0-FC37-463A-B060-3A9E996C56C3}"
	ProjectSection(WebsiteProperties) = preProject
		TargetFrameworkMoniker = ".NETFramework,Version%3Dv4.7.2"
		Debug.AspNetCompiler.VirtualPath = "/localhost_63823"
		Debug.AspNetCompiler.PhysicalPath = "Operaciones\"
		Debug.AspNetCompiler.TargetPath = "PrecompiledWeb\localhost_63823\"
		Debug.AspNetCompiler.Updateable = "true"
		Debug.AspNetCompiler.ForceOverwrite = "true"
		Debug.AspNetCompiler.FixedNames = "false"
		Debug.AspNetCompiler.Debug = "True"
		Release.AspNetCompiler.VirtualPath = "/localhost_63823"
		Release.AspNetCompiler.PhysicalPath = "Operaciones\"
		Release.AspNetCompiler.TargetPath = "PrecompiledWeb\localhost_63823\"
		Release.AspNetCompiler.Updateable = "true"
		Release.AspNetCompiler.ForceOverwrite = "true"
		Release.AspNetCompiler.FixedNames = "false"
		Release.AspNetCompiler.Debug = "False"
		VWDPort = "63823"
		SlnRelativePath = "Operaciones\"
		DefaultWebSiteLanguage = "Visual C#"
	EndProjectSection
EndProject
Global
	GlobalSection(SolutionConfigurationPlatforms) = preSolution
		Debug|Any CPU = Debug|Any CPU
	EndGlobalSection
	GlobalSection(ProjectConfigurationPlatforms) = postSolution
		{EDC842E0-FC37-463A-B060-3A9E996C56C3}.Debug|Any CPU.ActiveCfg = Debug|Any CPU
		{EDC842E0-FC37-463A-B060-3A9E996C56C3}.Debug|Any CPU.Build.0 = Debug|Any CPU
	EndGlobalSection
	GlobalSection(SolutionProperties) = preSolution
		HideSolutionNode = FALSE
	EndGlobalSection
	GlobalSection(ExtensibilityGlobals) = postSolution
		SolutionGuid = {AF79BEA6-33B3-4CA0-9046-B6001B8CB9B8}
	EndGlobalSection
EndGlobal
