
Microsoft Visual Studio Solution File, Format Version 12.00
# Visual Studio Version 17
VisualStudioVersion = 17.7.34221.43
MinimumVisualStudioVersion = 10.0.40219.1
Project("{E24C65DC-7377-472B-9ABA-BC803B73C61A}") = "Bancos", "Bancos\", "{2EFC79C7-ECFF-414F-AC5F-59092DFA93F6}"
	ProjectSection(WebsiteProperties) = preProject
		TargetFrameworkMoniker = ".NETFramework,Version%3Dv4.7.2"
		Debug.AspNetCompiler.VirtualPath = "/localhost_53250"
		Debug.AspNetCompiler.PhysicalPath = "Bancos\"
		Debug.AspNetCompiler.TargetPath = "PrecompiledWeb\localhost_53250\"
		Debug.AspNetCompiler.Updateable = "true"
		Debug.AspNetCompiler.ForceOverwrite = "true"
		Debug.AspNetCompiler.FixedNames = "false"
		Debug.AspNetCompiler.Debug = "True"
		Release.AspNetCompiler.VirtualPath = "/localhost_53250"
		Release.AspNetCompiler.PhysicalPath = "Bancos\"
		Release.AspNetCompiler.TargetPath = "PrecompiledWeb\localhost_53250\"
		Release.AspNetCompiler.Updateable = "true"
		Release.AspNetCompiler.ForceOverwrite = "true"
		Release.AspNetCompiler.FixedNames = "false"
		Release.AspNetCompiler.Debug = "False"
		VWDPort = "53250"
		SlnRelativePath = "Bancos\"
		DefaultWebSiteLanguage = "Visual C#"
	EndProjectSection
EndProject
Global
	GlobalSection(SolutionConfigurationPlatforms) = preSolution
		Debug|Any CPU = Debug|Any CPU
	EndGlobalSection
	GlobalSection(ProjectConfigurationPlatforms) = postSolution
		{2EFC79C7-ECFF-414F-AC5F-59092DFA93F6}.Debug|Any CPU.ActiveCfg = Debug|Any CPU
		{2EFC79C7-ECFF-414F-AC5F-59092DFA93F6}.Debug|Any CPU.Build.0 = Debug|Any CPU
	EndGlobalSection
	GlobalSection(SolutionProperties) = preSolution
		HideSolutionNode = FALSE
	EndGlobalSection
	GlobalSection(ExtensibilityGlobals) = postSolution
		SolutionGuid = {7BEDDF72-3DF4-4A62-BD23-E61BD757225F}
	EndGlobalSection
EndGlobal
