
Microsoft Visual Studio Solution File, Format Version 12.00
# Visual Studio Version 17
VisualStudioVersion = 17.7.34221.43
MinimumVisualStudioVersion = 10.0.40219.1
Project("{E24C65DC-7377-472B-9ABA-BC803B73C61A}") = "ASFI", "ASFI\", "{AE58E04D-FDF2-4647-8719-CA4963523B9F}"
	ProjectSection(WebsiteProperties) = preProject
		TargetFrameworkMoniker = ".NETFramework,Version%3Dv4.7.2"
		Debug.AspNetCompiler.VirtualPath = "/localhost_53268"
		Debug.AspNetCompiler.PhysicalPath = "ASFI\"
		Debug.AspNetCompiler.TargetPath = "PrecompiledWeb\localhost_53268\"
		Debug.AspNetCompiler.Updateable = "true"
		Debug.AspNetCompiler.ForceOverwrite = "true"
		Debug.AspNetCompiler.FixedNames = "false"
		Debug.AspNetCompiler.Debug = "True"
		Release.AspNetCompiler.VirtualPath = "/localhost_53268"
		Release.AspNetCompiler.PhysicalPath = "ASFI\"
		Release.AspNetCompiler.TargetPath = "PrecompiledWeb\localhost_53268\"
		Release.AspNetCompiler.Updateable = "true"
		Release.AspNetCompiler.ForceOverwrite = "true"
		Release.AspNetCompiler.FixedNames = "false"
		Release.AspNetCompiler.Debug = "False"
		VWDPort = "53268"
		SlnRelativePath = "ASFI\"
		DefaultWebSiteLanguage = "Visual C#"
	EndProjectSection
EndProject
Global
	GlobalSection(SolutionConfigurationPlatforms) = preSolution
		Debug|Any CPU = Debug|Any CPU
	EndGlobalSection
	GlobalSection(ProjectConfigurationPlatforms) = postSolution
		{AE58E04D-FDF2-4647-8719-CA4963523B9F}.Debug|Any CPU.ActiveCfg = Debug|Any CPU
		{AE58E04D-FDF2-4647-8719-CA4963523B9F}.Debug|Any CPU.Build.0 = Debug|Any CPU
	EndGlobalSection
	GlobalSection(SolutionProperties) = preSolution
		HideSolutionNode = FALSE
	EndGlobalSection
	GlobalSection(ExtensibilityGlobals) = postSolution
		SolutionGuid = {BB2BA50D-7AD4-4A98-B037-81FF03F9C403}
	EndGlobalSection
EndGlobal
