
Microsoft Visual Studio Solution File, Format Version 12.00
# Visual Studio Version 17
VisualStudioVersion = 17.7.34221.43
MinimumVisualStudioVersion = 10.0.40219.1
Project("{FAE04EC0-301F-11D3-BF4B-00C04F79EFBC}") = "ConsumirRest", "ConsumirRest\ConsumirRest.csproj", "{D95C3D17-B7D5-4A2F-9762-CDFE13D90DBA}"
EndProject
Global
	GlobalSection(SolutionConfigurationPlatforms) = preSolution
		Debug|Any CPU = Debug|Any CPU
		Release|Any CPU = Release|Any CPU
	EndGlobalSection
	GlobalSection(ProjectConfigurationPlatforms) = postSolution
		{D95C3D17-B7D5-4A2F-9762-CDFE13D90DBA}.Debug|Any CPU.ActiveCfg = Debug|Any CPU
		{D95C3D17-B7D5-4A2F-9762-CDFE13D90DBA}.Debug|Any CPU.Build.0 = Debug|Any CPU
		{D95C3D17-B7D5-4A2F-9762-CDFE13D90DBA}.Release|Any CPU.ActiveCfg = Release|Any CPU
		{D95C3D17-B7D5-4A2F-9762-CDFE13D90DBA}.Release|Any CPU.Build.0 = Release|Any CPU
	EndGlobalSection
	GlobalSection(SolutionProperties) = preSolution
		HideSolutionNode = FALSE
	EndGlobalSection
	GlobalSection(ExtensibilityGlobals) = postSolution
		SolutionGuid = {57FF506D-156A-493A-B9E8-AF1CC66AFBFC}
	EndGlobalSection
EndGlobal
